Microsoft Visual Studio Solution File, Format Version 12.00
# Visual Studio Version 17
VisualStudioVersion = 17.5.2.0
MinimumVisualStudioVersion = 10.0.40219.1
Project("{2150E333-8FDC-42A3-9474-1A3956D46DE8}") = "wpf-client", "wpf-client", "{2AD3DC24-3DA6-3842-7C3E-ADE10456FB9D}"
EndProject
Project("{FAE04EC0-301F-11D3-BF4B-00C04F79EFBC}") = "AsmrDownloader.Client", "wpf-client\AsmrDownloader.Client.csproj", "{51DBD307-C7AB-C4D6-D9B5-61DF696317AA}"
EndProject
Global
	GlobalSection(SolutionConfigurationPlatforms) = preSolution
		Debug|Any CPU = Debug|Any CPU
		Release|Any CPU = Release|Any CPU
	EndGlobalSection
	GlobalSection(ProjectConfigurationPlatforms) = postSolution
		{51DBD307-C7AB-C4D6-D9B5-61DF696317AA}.Debug|Any CPU.ActiveCfg = Debug|Any CPU
		{51DBD307-C7AB-C4D6-D9B5-61DF696317AA}.Debug|Any CPU.Build.0 = Debug|Any CPU
		{51DBD307-C7AB-C4D6-D9B5-61DF696317AA}.Release|Any CPU.ActiveCfg = Release|Any CPU
		{51DBD307-C7AB-C4D6-D9B5-61DF696317AA}.Release|Any CPU.Build.0 = Release|Any CPU
	EndGlobalSection
	GlobalSection(SolutionProperties) = preSolution
		HideSolutionNode = FALSE
	EndGlobalSection
	GlobalSection(NestedProjects) = preSolution
		{51DBD307-C7AB-C4D6-D9B5-61DF696317AA} = {2AD3DC24-3DA6-3842-7C3E-ADE10456FB9D}
	EndGlobalSection
	GlobalSection(ExtensibilityGlobals) = postSolution
		SolutionGuid = {7C838133-A898-41E7-BC5D-98C3727C8BE0}
	EndGlobalSection
EndGlobal
