
Microsoft Visual Studio Solution File, Format Version 12.00
# Visual Studio Version 17
VisualStudioVersion = 17.0.31903.59
MinimumVisualStudioVersion = 10.0.40219.1
Project("{2150E333-8FDC-42A3-9474-1A3956D46DE8}") = "Asmroner.Backend", "Asmroner.Backend", "{6C0EBB97-A657-69EA-74AE-E44A31D5182C}"
EndProject
Project("{FAE04EC0-301F-11D3-BF4B-00C04F79EFBC}") = "Asmroner.Core", "Asmroner.Backend\Asmroner.Core\Asmroner.Core.csproj", "{26A998BC-3692-4045-A0F5-FB5CF8D27F14}"
EndProject
Project("{FAE04EC0-301F-11D3-BF4B-00C04F79EFBC}") = "Asmroner.Application", "Asmroner.Backend\Asmroner.Application\Asmroner.Application.csproj", "{E3E822D9-58D7-41E4-ACF3-D17B5DDD1110}"
EndProject
Project("{FAE04EC0-301F-11D3-BF4B-00C04F79EFBC}") = "Asmroner.Infrastructure", "Asmroner.Backend\Asmroner.Infrastructure\Asmroner.Infrastructure.csproj", "{1771C2B5-C54B-405B-86BE-CC3F73ECD27D}"
EndProject
Project("{2150E333-8FDC-42A3-9474-1A3956D46DE8}") = "Asmroner.Wpf", "Asmroner.Wpf", "{D9F3D4EA-A2BA-5395-05E8-6EA104F207C0}"
EndProject
Project("{FAE04EC0-301F-11D3-BF4B-00C04F79EFBC}") = "Asmroner.Wpf", "Asmroner.Wpf\Asmroner.Wpf\Asmroner.Wpf.csproj", "{F9B372D0-A1F0-43CC-BB19-91FF9145EA94}"
EndProject
Project("{2150E333-8FDC-42A3-9474-1A3956D46DE8}") = "tests", "tests", "{0AB3BF05-4346-4AA6-1389-037BE0695223}"
EndProject
Project("{FAE04EC0-301F-11D3-BF4B-00C04F79EFBC}") = "Asmroner.Core.Tests", "tests\Asmroner.Core.Tests\Asmroner.Core.Tests.csproj", "{8FFF90FB-5772-4E2D-88DB-6C6F660DFC63}"
EndProject
Project("{FAE04EC0-301F-11D3-BF4B-00C04F79EFBC}") = "Asmroner.Application.Tests", "tests\Asmroner.Application.Tests\Asmroner.Application.Tests.csproj", "{6836D49B-26EE-4472-AAA7-04FC832E27BD}"
EndProject
Project("{FAE04EC0-301F-11D3-BF4B-00C04F79EFBC}") = "Asmroner.Infrastructure.Tests", "tests\Asmroner.Infrastructure.Tests\Asmroner.Infrastructure.Tests.csproj", "{1C60DC52-27BB-4345-8F8F-A0E5105E0F0F}"
EndProject
Project("{FAE04EC0-301F-11D3-BF4B-00C04F79EFBC}") = "Asmroner.Wpf.Tests", "tests\Asmroner.Wpf.Tests\Asmroner.Wpf.Tests.csproj", "{ED96C6F1-2B5E-47B8-8B6E-FC60A46E3669}"
EndProject
Project("{FAE04EC0-301F-11D3-BF4B-00C04F79EFBC}") = "Asmroner.IntegrationTests", "tests\Asmroner.IntegrationTests\Asmroner.IntegrationTests.csproj", "{97623AE6-FB34-4FEE-B476-5D98FBFBA998}"
EndProject
Global
	GlobalSection(SolutionConfigurationPlatforms) = preSolution
		Debug|Any CPU = Debug|Any CPU
		Debug|x64 = Debug|x64
		Debug|x86 = Debug|x86
		Release|Any CPU = Release|Any CPU
		Release|x64 = Release|x64
		Release|x86 = Release|x86
	EndGlobalSection
	GlobalSection(ProjectConfigurationPlatforms) = postSolution
		{26A998BC-3692-4045-A0F5-FB5CF8D27F14}.Debug|Any CPU.ActiveCfg = Debug|Any CPU
		{26A998BC-3692-4045-A0F5-FB5CF8D27F14}.Debug|Any CPU.Build.0 = Debug|Any CPU
		{26A998BC-3692-4045-A0F5-FB5CF8D27F14}.Debug|x64.ActiveCfg = Debug|Any CPU
		{26A998BC-3692-4045-A0F5-FB5CF8D27F14}.Debug|x64.Build.0 = Debug|Any CPU
		{26A998BC-3692-4045-A0F5-FB5CF8D27F14}.Debug|x86.ActiveCfg = Debug|Any CPU
		{26A998BC-3692-4045-A0F5-FB5CF8D27F14}.Debug|x86.Build.0 = Debug|Any CPU
		{26A998BC-3692-4045-A0F5-FB5CF8D27F14}.Release|Any CPU.ActiveCfg = Release|Any CPU
		{26A998BC-3692-4045-A0F5-FB5CF8D27F14}.Release|Any CPU.Build.0 = Release|Any CPU
		{26A998BC-3692-4045-A0F5-FB5CF8D27F14}.Release|x64.ActiveCfg = Release|Any CPU
		{26A998BC-3692-4045-A0F5-FB5CF8D27F14}.Release|x64.Build.0 = Release|Any CPU
		{26A998BC-3692-4045-A0F5-FB5CF8D27F14}.Release|x86.ActiveCfg = Release|Any CPU
		{26A998BC-3692-4045-A0F5-FB5CF8D27F14}.Release|x86.Build.0 = Release|Any CPU
		{E3E822D9-58D7-41E4-ACF3-D17B5DDD1110}.Debug|Any CPU.ActiveCfg = Debug|Any CPU
		{E3E822D9-58D7-41E4-ACF3-D17B5DDD1110}.Debug|Any CPU.Build.0 = Debug|Any CPU
		{E3E822D9-58D7-41E4-ACF3-D17B5DDD1110}.Debug|x64.ActiveCfg = Debug|Any CPU
		{E3E822D9-58D7-41E4-ACF3-D17B5DDD1110}.Debug|x64.Build.0 = Debug|Any CPU
		{E3E822D9-58D7-41E4-ACF3-D17B5DDD1110}.Debug|x86.ActiveCfg = Debug|Any CPU
		{E3E822D9-58D7-41E4-ACF3-D17B5DDD1110}.Debug|x86.Build.0 = Debug|Any CPU
		{E3E822D9-58D7-41E4-ACF3-D17B5DDD1110}.Release|Any CPU.ActiveCfg = Release|Any CPU
		{E3E822D9-58D7-41E4-ACF3-D17B5DDD1110}.Release|Any CPU.Build.0 = Release|Any CPU
		{E3E822D9-58D7-41E4-ACF3-D17B5DDD1110}.Release|x64.ActiveCfg = Release|Any CPU
		{E3E822D9-58D7-41E4-ACF3-D17B5DDD1110}.Release|x64.Build.0 = Release|Any CPU
		{E3E822D9-58D7-41E4-ACF3-D17B5DDD1110}.Release|x86.ActiveCfg = Release|Any CPU
		{E3E822D9-58D7-41E4-ACF3-D17B5DDD1110}.Release|x86.Build.0 = Release|Any CPU
		{1771C2B5-C54B-405B-86BE-CC3F73ECD27D}.Debug|Any CPU.ActiveCfg = Debug|Any CPU
		{1771C2B5-C54B-405B-86BE-CC3F73ECD27D}.Debug|Any CPU.Build.0 = Debug|Any CPU
		{1771C2B5-C54B-405B-86BE-CC3F73ECD27D}.Debug|x64.ActiveCfg = Debug|Any CPU
		{1771C2B5-C54B-405B-86BE-CC3F73ECD27D}.Debug|x64.Build.0 = Debug|Any CPU
		{1771C2B5-C54B-405B-86BE-CC3F73ECD27D}.Debug|x86.ActiveCfg = Debug|Any CPU
		{1771C2B5-C54B-405B-86BE-CC3F73ECD27D}.Debug|x86.Build.0 = Debug|Any CPU
		{1771C2B5-C54B-405B-86BE-CC3F73ECD27D}.Release|Any CPU.ActiveCfg = Release|Any CPU
		{1771C2B5-C54B-405B-86BE-CC3F73ECD27D}.Release|Any CPU.Build.0 = Release|Any CPU
		{1771C2B5-C54B-405B-86BE-CC3F73ECD27D}.Release|x64.ActiveCfg = Release|Any CPU
		{1771C2B5-C54B-405B-86BE-CC3F73ECD27D}.Release|x64.Build.0 = Release|Any CPU
		{1771C2B5-C54B-405B-86BE-CC3F73ECD27D}.Release|x86.ActiveCfg = Release|Any CPU
		{1771C2B5-C54B-405B-86BE-CC3F73ECD27D}.Release|x86.Build.0 = Release|Any CPU
		{F9B372D0-A1F0-43CC-BB19-91FF9145EA94}.Debug|Any CPU.ActiveCfg = Debug|Any CPU
		{F9B372D0-A1F0-43CC-BB19-91FF9145EA94}.Debug|Any CPU.Build.0 = Debug|Any CPU
		{F9B372D0-A1F0-43CC-BB19-91FF9145EA94}.Debug|x64.ActiveCfg = Debug|Any CPU
		{F9B372D0-A1F0-43CC-BB19-91FF9145EA94}.Debug|x64.Build.0 = Debug|Any CPU
		{F9B372D0-A1F0-43CC-BB19-91FF9145EA94}.Debug|x86.ActiveCfg = Debug|Any CPU
		{F9B372D0-A1F0-43CC-BB19-91FF9145EA94}.Debug|x86.Build.0 = Debug|Any CPU
		{F9B372D0-A1F0-43CC-BB19-91FF9145EA94}.Release|Any CPU.ActiveCfg = Release|Any CPU
		{F9B372D0-A1F0-43CC-BB19-91FF9145EA94}.Release|Any CPU.Build.0 = Release|Any CPU
		{F9B372D0-A1F0-43CC-BB19-91FF9145EA94}.Release|x64.ActiveCfg = Release|Any CPU
		{F9B372D0-A1F0-43CC-BB19-91FF9145EA94}.Release|x64.Build.0 = Release|Any CPU
		{F9B372D0-A1F0-43CC-BB19-91FF9145EA94}.Release|x86.ActiveCfg = Release|Any CPU
		{F9B372D0-A1F0-43CC-BB19-91FF9145EA94}.Release|x86.Build.0 = Release|Any CPU
		{8FFF90FB-5772-4E2D-88DB-6C6F660DFC63}.Debug|Any CPU.ActiveCfg = Debug|Any CPU
		{8FFF90FB-5772-4E2D-88DB-6C6F660DFC63}.Debug|Any CPU.Build.0 = Debug|Any CPU
		{8FFF90FB-5772-4E2D-88DB-6C6F660DFC63}.Debug|x64.ActiveCfg = Debug|Any CPU
		{8FFF90FB-5772-4E2D-88DB-6C6F660DFC63}.Debug|x64.Build.0 = Debug|Any CPU
		{8FFF90FB-5772-4E2D-88DB-6C6F660DFC63}.Debug|x86.ActiveCfg = Debug|Any CPU
		{8FFF90FB-5772-4E2D-88DB-6C6F660DFC63}.Debug|x86.Build.0 = Debug|Any CPU
		{8FFF90FB-5772-4E2D-88DB-6C6F660DFC63}.Release|Any CPU.ActiveCfg = Release|Any CPU
		{8FFF90FB-5772-4E2D-88DB-6C6F660DFC63}.Release|Any CPU.Build.0 = Release|Any CPU
		{8FFF90FB-5772-4E2D-88DB-6C6F660DFC63}.Release|x64.ActiveCfg = Release|Any CPU
		{8FFF90FB-5772-4E2D-88DB-6C6F660DFC63}.Release|x64.Build.0 = Release|Any CPU
		{8FFF90FB-5772-4E2D-88DB-6C6F660DFC63}.Release|x86.ActiveCfg = Release|Any CPU
		{8FFF90FB-5772-4E2D-88DB-6C6F660DFC63}.Release|x86.Build.0 = Release|Any CPU
		{6836D49B-26EE-4472-AAA7-04FC832E27BD}.Debug|Any CPU.ActiveCfg = Debug|Any CPU
		{6836D49B-26EE-4472-AAA7-04FC832E27BD}.Debug|Any CPU.Build.0 = Debug|Any CPU
		{6836D49B-26EE-4472-AAA7-04FC832E27BD}.Debug|x64.ActiveCfg = Debug|Any CPU
		{6836D49B-26EE-4472-AAA7-04FC832E27BD}.Debug|x64.Build.0 = Debug|Any CPU
		{6836D49B-26EE-4472-AAA7-04FC832E27BD}.Debug|x86.ActiveCfg = Debug|Any CPU
		{6836D49B-26EE-4472-AAA7-04FC832E27BD}.Debug|x86.Build.0 = Debug|Any CPU
		{6836D49B-26EE-4472-AAA7-04FC832E27BD}.Release|Any CPU.ActiveCfg = Release|Any CPU
		{6836D49B-26EE-4472-AAA7-04FC832E27BD}.Release|Any CPU.Build.0 = Release|Any CPU
		{6836D49B-26EE-4472-AAA7-04FC832E27BD}.Release|x64.ActiveCfg = Release|Any CPU
		{6836D49B-26EE-4472-AAA7-04FC832E27BD}.Release|x64.Build.0 = Release|Any CPU
		{6836D49B-26EE-4472-AAA7-04FC832E27BD}.Release|x86.ActiveCfg = Release|Any CPU
		{6836D49B-26EE-4472-AAA7-04FC832E27BD}.Release|x86.Build.0 = Release|Any CPU
		{1C60DC52-27BB-4345-8F8F-A0E5105E0F0F}.Debug|Any CPU.ActiveCfg = Debug|Any CPU
		{1C60DC52-27BB-4345-8F8F-A0E5105E0F0F}.Debug|Any CPU.Build.0 = Debug|Any CPU
		{1C60DC52-27BB-4345-8F8F-A0E5105E0F0F}.Debug|x64.ActiveCfg = Debug|Any CPU
		{1C60DC52-27BB-4345-8F8F-A0E5105E0F0F}.Debug|x64.Build.0 = Debug|Any CPU
		{1C60DC52-27BB-4345-8F8F-A0E5105E0F0F}.Debug|x86.ActiveCfg = Debug|Any CPU
		{1C60DC52-27BB-4345-8F8F-A0E5105E0F0F}.Debug|x86.Build.0 = Debug|Any CPU
		{1C60DC52-27BB-4345-8F8F-A0E5105E0F0F}.Release|Any CPU.ActiveCfg = Release|Any CPU
		{1C60DC52-27BB-4345-8F8F-A0E5105E0F0F}.Release|Any CPU.Build.0 = Release|Any CPU
		{1C60DC52-27BB-4345-8F8F-A0E5105E0F0F}.Release|x64.ActiveCfg = Release|Any CPU
		{1C60DC52-27BB-4345-8F8F-A0E5105E0F0F}.Release|x64.Build.0 = Release|Any CPU
		{1C60DC52-27BB-4345-8F8F-A0E5105E0F0F}.Release|x86.ActiveCfg = Release|Any CPU
		{1C60DC52-27BB-4345-8F8F-A0E5105E0F0F}.Release|x86.Build.0 = Release|Any CPU
		{ED96C6F1-2B5E-47B8-8B6E-FC60A46E3669}.Debug|Any CPU.ActiveCfg = Debug|Any CPU
		{ED96C6F1-2B5E-47B8-8B6E-FC60A46E3669}.Debug|Any CPU.Build.0 = Debug|Any CPU
		{ED96C6F1-2B5E-47B8-8B6E-FC60A46E3669}.Debug|x64.ActiveCfg = Debug|Any CPU
		{ED96C6F1-2B5E-47B8-8B6E-FC60A46E3669}.Debug|x64.Build.0 = Debug|Any CPU
		{ED96C6F1-2B5E-47B8-8B6E-FC60A46E3669}.Debug|x86.ActiveCfg = Debug|Any CPU
		{ED96C6F1-2B5E-47B8-8B6E-FC60A46E3669}.Debug|x86.Build.0 = Debug|Any CPU
		{ED96C6F1-2B5E-47B8-8B6E-FC60A46E3669}.Release|Any CPU.ActiveCfg = Release|Any CPU
		{ED96C6F1-2B5E-47B8-8B6E-FC60A46E3669}.Release|Any CPU.Build.0 = Release|Any CPU
		{ED96C6F1-2B5E-47B8-8B6E-FC60A46E3669}.Release|x64.ActiveCfg = Release|Any CPU
		{ED96C6F1-2B5E-47B8-8B6E-FC60A46E3669}.Release|x64.Build.0 = Release|Any CPU
		{ED96C6F1-2B5E-47B8-8B6E-FC60A46E3669}.Release|x86.ActiveCfg = Release|Any CPU
		{ED96C6F1-2B5E-47B8-8B6E-FC60A46E3669}.Release|x86.Build.0 = Release|Any CPU
		{97623AE6-FB34-4FEE-B476-5D98FBFBA998}.Debug|Any CPU.ActiveCfg = Debug|Any CPU
		{97623AE6-FB34-4FEE-B476-5D98FBFBA998}.Debug|Any CPU.Build.0 = Debug|Any CPU
		{97623AE6-FB34-4FEE-B476-5D98FBFBA998}.Debug|x64.ActiveCfg = Debug|Any CPU
		{97623AE6-FB34-4FEE-B476-5D98FBFBA998}.Debug|x64.Build.0 = Debug|Any CPU
		{97623AE6-FB34-4FEE-B476-5D98FBFBA998}.Debug|x86.ActiveCfg = Debug|Any CPU
		{97623AE6-FB34-4FEE-B476-5D98FBFBA998}.Debug|x86.Build.0 = Debug|Any CPU
		{97623AE6-FB34-4FEE-B476-5D98FBFBA998}.Release|Any CPU.ActiveCfg = Release|Any CPU
		{97623AE6-FB34-4FEE-B476-5D98FBFBA998}.Release|Any CPU.Build.0 = Release|Any CPU
		{97623AE6-FB34-4FEE-B476-5D98FBFBA998}.Release|x64.ActiveCfg = Release|Any CPU
		{97623AE6-FB34-4FEE-B476-5D98FBFBA998}.Release|x64.Build.0 = Release|Any CPU
		{97623AE6-FB34-4FEE-B476-5D98FBFBA998}.Release|x86.ActiveCfg = Release|Any CPU
		{97623AE6-FB34-4FEE-B476-5D98FBFBA998}.Release|x86.Build.0 = Release|Any CPU
	EndGlobalSection
	GlobalSection(SolutionProperties) = preSolution
		HideSolutionNode = FALSE
	EndGlobalSection
	GlobalSection(NestedProjects) = preSolution
		{26A998BC-3692-4045-A0F5-FB5CF8D27F14} = {6C0EBB97-A657-69EA-74AE-E44A31D5182C}
		{E3E822D9-58D7-41E4-ACF3-D17B5DDD1110} = {6C0EBB97-A657-69EA-74AE-E44A31D5182C}
		{1771C2B5-C54B-405B-86BE-CC3F73ECD27D} = {6C0EBB97-A657-69EA-74AE-E44A31D5182C}
		{F9B372D0-A1F0-43CC-BB19-91FF9145EA94} = {D9F3D4EA-A2BA-5395-05E8-6EA104F207C0}
		{8FFF90FB-5772-4E2D-88DB-6C6F660DFC63} = {0AB3BF05-4346-4AA6-1389-037BE0695223}
		{6836D49B-26EE-4472-AAA7-04FC832E27BD} = {0AB3BF05-4346-4AA6-1389-037BE0695223}
		{1C60DC52-27BB-4345-8F8F-A0E5105E0F0F} = {0AB3BF05-4346-4AA6-1389-037BE0695223}
		{ED96C6F1-2B5E-47B8-8B6E-FC60A46E3669} = {0AB3BF05-4346-4AA6-1389-037BE0695223}
		{97623AE6-FB34-4FEE-B476-5D98FBFBA998} = {0AB3BF05-4346-4AA6-1389-037BE0695223}
	EndGlobalSection
EndGlobal
